{
  "name": "dag",
  "version": "1.0.0",
  "lockfileVersion": 2,
  "requires": true,
  "packages": {
    "": {
      "name": "dag",
      "version": "1.0.0",
      "license": "ISC",
      "dependencies": {
        "auto-creating-map": "^2.0.0"
      }
    },
    "../make-import-map": {
      "version": "1.0.1",
      "extraneous": true,
      "license": "MIT",
      "dependencies": {
        "fs-serve": "^2.0.1"
      },
      "bin": {
        "make-import-map": "cli.js"
      }
    },
    "deps/make-import-map": {
      "version": "1.0.1",
      "extraneous": true,
      "license": "MIT",
      "dependencies": {
        "fs-serve": "^2.0.1"
      },
      "bin": {
        "make-import-map": "cli.js"
      }
    },
    "node_modules/auto-creating-map": {
      "version": "2.1.0",
      "resolved": "https://registry.npmjs.org/auto-creating-map/-/auto-creating-map-2.1.0.tgz",
      "integrity": "sha512-YMo71265z0GOvN1oW6vCGnsjA4BZ4BjF7zWuxnFbh9nsEEnDXoSAQZllD1RK7vU1nO43yE/g8ubrS6aQXzTfrg=="
    }
  },
  "dependencies": {
    "auto-creating-map": {
      "version": "2.1.0",
      "resolved": "https://registry.npmjs.org/auto-creating-map/-/auto-creating-map-2.1.0.tgz",
      "integrity": "sha512-YMo71265z0GOvN1oW6vCGnsjA4BZ4BjF7zWuxnFbh9nsEEnDXoSAQZllD1RK7vU1nO43yE/g8ubrS6aQXzTfrg=="
    }
  }
}
